{
  "version": 1,
  "dependencies": {
    ".NETFramework,Version=v4.8": {
      "BveEx.CoreExtensions": {
        "type": "Direct",
        "requested": "[2.0.0, )",
        "resolved": "2.0.0",
        "contentHash": "GEjHTJbW9BiDOXVBsvwtX9TpNF3l9uzvjXgPicHhp/dOWheJwWLVQQFFEEwHQPuSPIOu4uWEwBJc8xUPtCsTcg==",
        "dependencies": {
          "BveEx.PluginHost": "2.0.0"
        }
      },
      "BveEx.Diagnostics": {
        "type": "Direct",
        "requested": "[2.0.0, )",
        "resolved": "2.0.0",
        "contentHash": "EbWQN8LVvTev+/0jopO024EekcUaPw9GNEwlQBvcb9SLUmlAyvkvydBzxjdXcZjINAaiHro6PMU6JEdn9nue7g=="
      },
      "BveEx.PluginHost": {
        "type": "Direct",
        "requested": "[2.0.0, )",
        "resolved": "2.0.0",
        "contentHash": "kH1aCuUFISW1/LFyNx1Jm0Y3j9evwzw+w7LLJ+ZUagA4FGLGDRdwPVsa5/vGaySwhOWDXPQdOAi0d0stB2KeZg=="
      },
      "Lib.Harmony": {
        "type": "Direct",
        "requested": "[2.3.3, )",
        "resolved": "2.3.3",
        "contentHash": "qxO8d2q7luoY8mTfCStQFOgRSd3dWZSS0Ffi5nrjX4qFkZxEBAEvNh5b/ZejTl2kY0fJs62LmfRJkBBTeiuuyQ=="
      },
      "ObjectiveHarmonyPatch": {
        "type": "Direct",
        "requested": "[1.1.0, )",
        "resolved": "1.1.0",
        "contentHash": "tzKrRbZCURq3RpAGbTXZywNJ1sGI/4ia+8OJ6NiSPfhw0uCevXUcHGFlpIxgOQei/3JQKqUMH9aq+RvWUn/44g==",
        "dependencies": {
          "Lib.Harmony": "2.2.2"
        }
      },
      "SlimDX": {
        "type": "Direct",
        "requested": "[4.0.13.44, )",
        "resolved": "4.0.13.44",
        "contentHash": "Oj8ICZ3tIGvd93s5W6wSWXckDb3payQCo4fWp7GKPwnnGck7wEHHBZwnwfJJTdNb+t+IYr4HJCu07YhZ82xrIg=="
      }
    }
  }
}